// !$*UTF8*$!
{
	archiveVersion = 1;
	classes = {
	};
	objectVersion = 46;
	objects = {

/* Begin PBXBuildFile section */
		F0C6489A1DAFE4CE00CFA5E3 /* AppDelegate.swift in Sources */ = {isa = PBXBuildFile; fileRef = F0C648991DAFE4CE00CFA5E3 /* AppDelegate.swift */; };
		F0C6489C1DAFE4CE00CFA5E3 /* ViewController.swift in Sources */ = {isa = PBXBuildFile; fileRef = F0C6489B1DAFE4CE00CFA5E3 /* ViewController.swift */; };
		F0C6489F1DAFE4CE00CFA5E3 /* Main.storyboard in Resources */ = {isa = PBXBuildFile; fileRef = F0C6489D1DAFE4CE00CFA5E3 /* Main.storyboard */; };
		F0C648A11DAFE4CE00CFA5E3 /* Assets.xcassets in Resources */ = {isa = PBXBuildFile; fileRef = F0C648A01DAFE4CE00CFA5E3 /* Assets.xcassets */; };
		F0C648A41DAFE4CE00CFA5E3 /* LaunchScreen.storyboard in Resources */ = {isa = PBXBuildFile; fileRef = F0C648A21DAFE4CE00CFA5E3 /* LaunchScreen.storyboard */; };
		F0C648AD1DAFE54400CFA5E3 /* mapView.swift in Sources */ = {isa = PBXBuildFile; fileRef = F0C648AC1DAFE54400CFA5E3 /* mapView.swift */; };
/* End PBXBuildFile section */

/* Begin PBXFileReference section */
		F0C648961DAFE4CE00CFA5E3 /* fishing.app */ = {isa = PBXFileReference; explicitFileType = wrapper.application; includeInIndex = 0; path = fishing.app; sourceTree = BUILT_PRODUCTS_DIR; };
		F0C648991DAFE4CE00CFA5E3 /* AppDelegate.swift */ = {isa = PBXFileReference; lastKnownFileType = sourcecode.swift; path = AppDelegate.swift; sourceTree = "<group>"; };
		F0C6489B1DAFE4CE00CFA5E3 /* ViewController.swift */ = {isa = PBXFileReference; lastKnownFileType = sourcecode.swift; path = ViewController.swift; sourceTree = "<group>"; };
		F0C6489E1DAFE4CE00CFA5E3 /* Base */ = {isa = PBXFileReference; lastKnownFileType = file.storyboard; name = Base; path = Base.lproj/Main.storyboard; sourceTree = "<group>"; };
		F0C648A01DAFE4CE00CFA5E3 /* Assets.xcassets */ = {isa = PBXFileReference; lastKnownFileType = folder.assetcatalog; path = Assets.xcassets; sourceTree = "<group>"; };
		F0C648A31DAFE4CE00CFA5E3 /* Base */ = {isa = PBXFileReference; lastKnownFileType = file.storyboard; name = Base; path = Base.lproj/LaunchScreen.storyboard; sourceTree = "<group>"; };
		F0C648A51DAFE4CE00CFA5E3 /* Info.plist */ = {isa = PBXFileReference; lastKnownFileType = text.plist.xml; path = Info.plist; sourceTree = "<group>"; };
		F0C648AC1DAFE54400CFA5E3 /* mapView.swift */ = {isa = PBXFileReference; fileEncoding = 4; lastKnownFileType = sourcecode.swift; path = mapView.swift; sourceTree = "<group>"; };
/* End PBXFileReference section */

/* Begin PBXFrameworksBuildPhase section */
		F0C648931DAFE4CE00CFA5E3 /* Frameworks */ = {
			isa = PBXFrameworksBuildPhase;
			buildActionMask = 2147483647;
			files = (
			);
			runOnlyForDeploymentPostprocessing = 0;
		};
/* End PBXFrameworksBuildPhase section */

/* Begin PBXGroup section */
		F0C6488D1DAFE4CD00CFA5E3 = {
			isa = PBXGroup;
			children = (
				F0C648981DAFE4CE00CFA5E3 /* fishing */,
				F0C648971DAFE4CE00CFA5E3 /* Products */,
			);
			sourceTree = "<group>";
		};
		F0C648971DAFE4CE00CFA5E3 /* Products */ = {
			isa = PBXGroup;
			children = (
				F0C648961DAFE4CE00CFA5E3 /* fishing.app */,
			);
			name = Products;
			sourceTree = "<group>";
		};
		F0C648981DAFE4CE00CFA5E3 /* fishing */ = {
			isa = PBXGroup;
			children = (
				F0C648991DAFE4CE00CFA5E3 /* AppDelegate.swift */,
				F0C648AB1DAFE4F600CFA5E3 /* 01)main */,
				F0C648AE1DAFE54800CFA5E3 /* 02)mapview */,
				F0C6489D1DAFE4CE00CFA5E3 /* Main.storyboard */,
				F0C648A01DAFE4CE00CFA5E3 /* Assets.xcassets */,
				F0C648A21DAFE4CE00CFA5E3 /* LaunchScreen.storyboard */,
				F0C648A51DAFE4CE00CFA5E3 /* Info.plist */,
			);
			path = fishing;
			sourceTree = "<group>";
		};
		F0C648AB1DAFE4F600CFA5E3 /* 01)main */ = {
			isa = PBXGroup;
			children = (
				F0C6489B1DAFE4CE00CFA5E3 /* ViewController.swift */,
			);
			name = "01)main";
			sourceTree = "<group>";
		};
		F0C648AE1DAFE54800CFA5E3 /* 02)mapview */ = {
			isa = PBXGroup;
			children = (
				F0C648AC1DAFE54400CFA5E3 /* mapView.swift */,
			);
			name = "02)mapview";
			path = ..;
			sourceTree = "<group>";
		};
/* End PBXGroup section */

/* Begin PBXNativeTarget section */
		F0C648951DAFE4CE00CFA5E3 /* fishing */ = {
			isa = PBXNativeTarget;
			buildConfigurationList = F0C648A81DAFE4CE00CFA5E3 /* Build configuration list for PBXNativeTarget "fishing" */;
			buildPhases = (
				F0C648921DAFE4CE00CFA5E3 /* Sources */,
				F0C648931DAFE4CE00CFA5E3 /* Frameworks */,
				F0C648941DAFE4CE00CFA5E3 /* Resources */,
			);
			buildRules = (
			);
			dependencies = (
			);
			name = fishing;
			productName = fishing;
			productReference = F0C648961DAFE4CE00CFA5E3 /* fishing.app */;
			productType = "com.apple.product-type.application";
		};
/* End PBXNativeTarget section */

/* Begin PBXProject section */
		F0C6488E1DAFE4CD00CFA5E3 /* Project object */ = {
			isa = PBXProject;
			attributes = {
				LastSwiftUpdateCheck = 0800;
				LastUpgradeCheck = 0800;
				ORGANIZATIONNAME = IMS;
				TargetAttributes = {
					F0C648951DAFE4CE00CFA5E3 = {
						CreatedOnToolsVersion = 8.0;
						DevelopmentTeam = HKUW29KE3M;
						ProvisioningStyle = Automatic;
					};
				};
			};
			buildConfigurationList = F0C648911DAFE4CD00CFA5E3 /* Build configuration list for PBXProject "fishing" */;
			compatibilityVersion = "Xcode 3.2";
			developmentRegion = English;
			hasScannedForEncodings = 0;
			knownRegions = (
				en,
				Base,
			);
			mainGroup = F0C6488D1DAFE4CD00CFA5E3;
			productRefGroup = F0C648971DAFE4CE00CFA5E3 /* Products */;
			projectDirPath = "";
			projectRoot = "";
			targets = (
				F0C648951DAFE4CE00CFA5E3 /* fishing */,
			);
		};
/* End PBXProject section */

/* Begin PBXResourcesBuildPhase section */
		F0C648941DAFE4CE00CFA5E3 /* Resources */ = {
			isa = PBXResourcesBuildPhase;
			buildActionMask = 2147483647;
			files = (
				F0C648A41DAFE4CE00CFA5E3 /* LaunchScreen.storyboard in Resources */,
				F0C648A11DAFE4CE00CFA5E3 /* Assets.xcassets in Resources */,
				F0C6489F1DAFE4CE00CFA5E3 /* Main.storyboard in Resources */,
			);
			runOnlyForDeploymentPostprocessing = 0;
		};
/* End PBXResourcesBuildPhase section */

/* Begin PBXSourcesBuildPhase section */
		F0C648921DAFE4CE00CFA5E3 /* Sources */ = {
			isa = PBXSourcesBuildPhase;
			buildActionMask = 2147483647;
			files = (
				F0C6489C1DAFE4CE00CFA5E3 /* ViewController.swift in Sources */,
				F0C6489A1DAFE4CE00CFA5E3 /* AppDelegate.swift in Sources */,
				F0C648AD1DAFE54400CFA5E3 /* mapView.swift in Sources */,
			);
			runOnlyForDeploymentPostprocessing = 0;
		};
/* End PBXSourcesBuildPhase section */

/* Begin PBXVariantGroup section */
		F0C6489D1DAFE4CE00CFA5E3 /* Main.storyboard */ = {
			isa = PBXVariantGroup;
			children = (
				F0C6489E1DAFE4CE00CFA5E3 /* Base */,
			);
			name = Main.storyboard;
			sourceTree = "<group>";
		};
		F0C648A21DAFE4CE00CFA5E3 /* LaunchScreen.storyboard */ = {
			isa = PBXVariantGroup;
			children = (
				F0C648A31DAFE4CE00CFA5E3 /* Base */,
			);
			name = LaunchScreen.storyboard;
			sourceTree = "<group>";
		};
/* End PBXVariantGroup section */

/* Begin XCBuildConfiguration section */
		F0C648A61DAFE4CE00CFA5E3 /* Debug */ = {
			isa = XCBuildConfiguration;
			buildSettings = {
				ALWAYS_SEARCH_USER_PATHS = NO;
				CLANG_ANALYZER_NONNULL = YES;
				CLANG_CXX_LANGUAGE_STANDARD = "gnu++0x";
				CLANG_CXX_LIBRARY = "libc++";
				CLANG_ENABLE_MODULES = YES;
				CLANG_ENABLE_OBJC_ARC = YES;
				CLANG_WARN_BOOL_CONVERSION = YES;
				CLANG_WARN_CONSTANT_CONVERSION = YES;
				CLANG_WARN_DIRECT_OBJC_ISA_USAGE = YES_ERROR;
				CLANG_WARN_DOCUMENTATION_COMMENTS = YES;
				CLANG_WARN_EMPTY_BODY = YES;
				CLANG_WARN_ENUM_CONVERSION = YES;
				CLANG_WARN_INFINITE_RECURSION = YES;
				CLANG_WARN_INT_CONVERSION = YES;
				CLANG_WARN_OBJC_ROOT_CLASS = YES_ERROR;
				CLANG_WARN_SUSPICIOUS_MOVES = YES;
				CLANG_WARN_UNREACHABLE_CODE = YES;
				CLANG_WARN__DUPLICATE_METHOD_MATCH = YES;
				"CODE_SIGN_IDENTITY[sdk=iphoneos*]" = "iPhone Developer";
				COPY_PHASE_STRIP = NO;
				DEBUG_INFORMATION_FORMAT = dwarf;
				ENABLE_STRICT_OBJC_MSGSEND = YES;
				ENABLE_TESTABILITY = YES;
				GCC_C_LANGUAGE_STANDARD = gnu99;
				GCC_DYNAMIC_NO_PIC = NO;
				GCC_NO_COMMON_BLOCKS = YES;
				GCC_OPTIMIZATION_LEVEL = 0;
				GCC_PREPROCESSOR_DEFINITIONS = (
					"DEBUG=1",
					"$(inherited)",
				);
				GCC_WARN_64_TO_32_BIT_CONVERSION = YES;
				GCC_WARN_ABOUT_RETURN_TYPE = YES_ERROR;
				GCC_WARN_UNDECLARED_SELECTOR = YES;
				GCC_WARN_UNINITIALIZED_AUTOS = YES_AGGRESSIVE;
				GCC_WARN_UNUSED_FUNCTION = YES;
				GCC_WARN_UNUSED_VARIABLE = YES;
				IPHONEOS_DEPLOYMENT_TARGET = 10.0;
				MTL_ENABLE_DEBUG_INFO = YES;
				ONLY_ACTIVE_ARCH = YES;
				SDKROOT = iphoneos;
				SWIFT_ACTIVE_COMPILATION_CONDITIONS = DEBUG;
				SWIFT_OPTIMIZATION_LEVEL = "-Onone";
				TARGETED_DEVICE_FAMILY = "1,2";
			};
			name = Debug;
		};
		F0C648A71DAFE4CE00CFA5E3 /* Release */ = {
			isa = XCBuildConfiguration;
			buildSettings = {
				ALWAYS_SEARCH_USER_PATHS = NO;
				CLANG_ANALYZER_NONNULL = YES;
				CLANG_CXX_LANGUAGE_STANDARD = "gnu++0x";
				CLANG_CXX_LIBRARY = "libc++";
				CLANG_ENABLE_MODULES = YES;
				CLANG_ENABLE_OBJC_ARC = YES;
				CLANG_WARN_BOOL_CONVERSION = YES;
				CLANG_WARN_CONSTANT_CONVERSION = YES;
				CLANG_WARN_DIRECT_OBJC_ISA_USAGE = YES_ERROR;
				CLANG_WARN_DOCUMENTATION_COMMENTS = YES;
				CLANG_WARN_EMPTY_BODY = YES;
				CLANG_WARN_ENUM_CONVERSION = YES;
				CLANG_WARN_INFINITE_RECURSION = YES;
				CLANG_WARN_INT_CONVERSION = YES;
				CLANG_WARN_OBJC_ROOT_CLASS = YES_ERROR;
				CLANG_WARN_SUSPICIOUS_MOVES = YES;
				CLANG_WARN_UNREACHABLE_CODE = YES;
				CLANG_WARN__DUPLICATE_METHOD_MATCH = YES;
				"CODE_SIGN_IDENTITY[sdk=iphoneos*]" = "iPhone Developer";
				COPY_PHASE_STRIP = NO;
				DEBUG_INFORMATION_FORMAT = "dwarf-with-dsym";
				ENABLE_NS_ASSERTIONS = NO;
				ENABLE_STRICT_OBJC_MSGSEND = YES;
				GCC_C_LANGUAGE_STANDARD = gnu99;
				GCC_NO_COMMON_BLOCKS = YES;
				GCC_WARN_64_TO_32_BIT_CONVERSION = YES;
				GCC_WARN_ABOUT_RETURN_TYPE = YES_ERROR;
				GCC_WARN_UNDECLARED_SELECTOR = YES;
				GCC_WARN_UNINITIALIZED_AUTOS = YES_AGGRESSIVE;
				GCC_WARN_UNUSED_FUNCTION = YES;
				GCC_WARN_UNUSED_VARIABLE = YES;
				IPHONEOS_DEPLOYMENT_TARGET = 10.0;
				MTL_ENABLE_DEBUG_INFO = NO;
				SDKROOT = iphoneos;
				SWIFT_OPTIMIZATION_LEVEL = "-Owholemodule";
				TARGETED_DEVICE_FAMILY = "1,2";
				VALIDATE_PRODUCT = YES;
			};
			name = Release;
		};
		F0C648A91DAFE4CE00CFA5E3 /* Debug */ = {
			isa = XCBuildConfiguration;
			buildSettings = {
				ASSETCATALOG_COMPILER_APPICON_NAME = AppIcon;
				DEVELOPMENT_TEAM = HKUW29KE3M;
				INFOPLIST_FILE = fishing/Info.plist;
				LD_RUNPATH_SEARCH_PATHS = "$(inherited) @executable_path/Frameworks";
				PRODUCT_BUNDLE_IDENTIFIER = com.IMS.JY.fishing;
				PRODUCT_NAME = "$(TARGET_NAME)";
				SWIFT_VERSION = 3.0;
			};
			name = Debug;
		};
		F0C648AA1DAFE4CE00CFA5E3 /* Release */ = {
			isa = XCBuildConfiguration;
			buildSettings = {
				ASSETCATALOG_COMPILER_APPICON_NAME = AppIcon;
				DEVELOPMENT_TEAM = HKUW29KE3M;
				INFOPLIST_FILE = fishing/Info.plist;
				LD_RUNPATH_SEARCH_PATHS = "$(inherited) @executable_path/Frameworks";
				PRODUCT_BUNDLE_IDENTIFIER = com.IMS.JY.fishing;
				PRODUCT_NAME = "$(TARGET_NAME)";
				SWIFT_VERSION = 3.0;
			};
			name = Release;
		};
/* End XCBuildConfiguration section */

/* Begin XCConfigurationList section */
		F0C648911DAFE4CD00CFA5E3 /* Build configuration list for PBXProject "fishing" */ = {
			isa = XCConfigurationList;
			buildConfigurations = (
				F0C648A61DAFE4CE00CFA5E3 /* Debug */,
				F0C648A71DAFE4CE00CFA5E3 /* Release */,
			);
			defaultConfigurationIsVisible = 0;
			defaultConfigurationName = Release;
		};
		F0C648A81DAFE4CE00CFA5E3 /* Build configuration list for PBXNativeTarget "fishing" */ = {
			isa = XCConfigurationList;
			buildConfigurations = (
				F0C648A91DAFE4CE00CFA5E3 /* Debug */,
				F0C648AA1DAFE4CE00CFA5E3 /* Release */,
			);
			defaultConfigurationIsVisible = 0;
		};
/* End XCConfigurationList section */
	};
	rootObject = F0C6488E1DAFE4CD00CFA5E3 /* Project object */;
}
