// !$*UTF8*$!
{
	archiveVersion = 1;
	classes = {
	};
	objectVersion = 46;
	objects = {

/* Begin PBXBuildFile section */
		E757CEA05648D489C712FAD8 /* Pods_fishing.framework in Frameworks */ = {isa = PBXBuildFile; fileRef = 68C1B06E08DE8A507C4AC214 /* Pods_fishing.framework */; };
		F00311421E2F9D94002A717D /* mypictureViewCell.swift in Sources */ = {isa = PBXBuildFile; fileRef = F00311411E2F9D94002A717D /* mypictureViewCell.swift */; };
		F01EC97A1DB738770039FC59 /* mapicon.png in Resources */ = {isa = PBXBuildFile; fileRef = F01EC9791DB738770039FC59 /* mapicon.png */; };
		F0322C241DDEF7480005362F /* HearderMyProfile.swift in Sources */ = {isa = PBXBuildFile; fileRef = F0322C231DDEF7480005362F /* HearderMyProfile.swift */; };
		F035991C1DE32DDF00F0FA3C /* profileChange.swift in Sources */ = {isa = PBXBuildFile; fileRef = F035991B1DE32DDF00F0FA3C /* profileChange.swift */; };
		F035992B1DE3535F00F0FA3C /* imBookmark.png in Resources */ = {isa = PBXBuildFile; fileRef = F03599281DE3535F00F0FA3C /* imBookmark.png */; };
		F035992C1DE3535F00F0FA3C /* imEmail.png in Resources */ = {isa = PBXBuildFile; fileRef = F03599291DE3535F00F0FA3C /* imEmail.png */; };
		F035992D1DE3535F00F0FA3C /* imProfile.png in Resources */ = {isa = PBXBuildFile; fileRef = F035992A1DE3535F00F0FA3C /* imProfile.png */; };
		F03F21E01E026A7700376965 /* profileChangeCell.swift in Sources */ = {isa = PBXBuildFile; fileRef = F03F21DF1E026A7700376965 /* profileChangeCell.swift */; };
		F03F7EBA1E36447F00FA002A /* MapKit.framework in Frameworks */ = {isa = PBXBuildFile; fileRef = F03F7EB91E36447F00FA002A /* MapKit.framework */; };
		F06288EA1E0BB69B000BD8B7 /* imLures.png in Resources */ = {isa = PBXBuildFile; fileRef = F06288E51E0BB69B000BD8B7 /* imLures.png */; };
		F06288EC1E0BB69B000BD8B7 /* imReel.png in Resources */ = {isa = PBXBuildFile; fileRef = F06288E71E0BB69B000BD8B7 /* imReel.png */; };
		F06288ED1E0BB69B000BD8B7 /* imStick.png in Resources */ = {isa = PBXBuildFile; fileRef = F06288E81E0BB69B000BD8B7 /* imStick.png */; };
		F06288EE1E0BB69B000BD8B7 /* imThread.png in Resources */ = {isa = PBXBuildFile; fileRef = F06288E91E0BB69B000BD8B7 /* imThread.png */; };
		F06288F01E0BB6EF000BD8B7 /* imInforicon.jpg in Resources */ = {isa = PBXBuildFile; fileRef = F06288EF1E0BB6EF000BD8B7 /* imInforicon.jpg */; };
		F0702D041DB06B25004509FC /* memberJoin.swift in Sources */ = {isa = PBXBuildFile; fileRef = F0702D031DB06B25004509FC /* memberJoin.swift */; };
		F095100A1DC72B4000CC87A1 /* image1.png in Resources */ = {isa = PBXBuildFile; fileRef = F09510031DC72B4000CC87A1 /* image1.png */; };
		F095100B1DC72B4000CC87A1 /* image2.png in Resources */ = {isa = PBXBuildFile; fileRef = F09510041DC72B4000CC87A1 /* image2.png */; };
		F095100C1DC72B4000CC87A1 /* image3.png in Resources */ = {isa = PBXBuildFile; fileRef = F09510051DC72B4000CC87A1 /* image3.png */; };
		F095100D1DC72B4000CC87A1 /* image4.png in Resources */ = {isa = PBXBuildFile; fileRef = F09510061DC72B4000CC87A1 /* image4.png */; };
		F095100E1DC72B4000CC87A1 /* image5.png in Resources */ = {isa = PBXBuildFile; fileRef = F09510071DC72B4000CC87A1 /* image5.png */; };
		F095100F1DC72B4000CC87A1 /* image6.png in Resources */ = {isa = PBXBuildFile; fileRef = F09510081DC72B4000CC87A1 /* image6.png */; };
		F09510101DC72B4000CC87A1 /* image7.png in Resources */ = {isa = PBXBuildFile; fileRef = F09510091DC72B4000CC87A1 /* image7.png */; };
		F0C481661DB8855C00162D0B /* testimage.jpg in Resources */ = {isa = PBXBuildFile; fileRef = F0C481651DB8855C00162D0B /* testimage.jpg */; };
		F0C6489A1DAFE4CE00CFA5E3 /* AppDelegate.swift in Sources */ = {isa = PBXBuildFile; fileRef = F0C648991DAFE4CE00CFA5E3 /* AppDelegate.swift */; };
		F0C6489C1DAFE4CE00CFA5E3 /* ViewController.swift in Sources */ = {isa = PBXBuildFile; fileRef = F0C6489B1DAFE4CE00CFA5E3 /* ViewController.swift */; };
		F0C6489F1DAFE4CE00CFA5E3 /* Main.storyboard in Resources */ = {isa = PBXBuildFile; fileRef = F0C6489D1DAFE4CE00CFA5E3 /* Main.storyboard */; };
		F0C648A11DAFE4CE00CFA5E3 /* Assets.xcassets in Resources */ = {isa = PBXBuildFile; fileRef = F0C648A01DAFE4CE00CFA5E3 /* Assets.xcassets */; };
		F0C648A41DAFE4CE00CFA5E3 /* LaunchScreen.storyboard in Resources */ = {isa = PBXBuildFile; fileRef = F0C648A21DAFE4CE00CFA5E3 /* LaunchScreen.storyboard */; };
		F0C648AD1DAFE54400CFA5E3 /* mapView.swift in Sources */ = {isa = PBXBuildFile; fileRef = F0C648AC1DAFE54400CFA5E3 /* mapView.swift */; };
		F0CC69331DD4159A00BDF6D0 /* profileView.swift in Sources */ = {isa = PBXBuildFile; fileRef = F0CC69321DD4159A00BDF6D0 /* profileView.swift */; };
		F0CF38D11DEEF607002CCEDE /* cameraView.swift in Sources */ = {isa = PBXBuildFile; fileRef = F0CF38D01DEEF607002CCEDE /* cameraView.swift */; };
		F0CFAD871DB0018A004AA2BF /* OpenGLES.framework in Frameworks */ = {isa = PBXBuildFile; fileRef = F0CFAD861DB0018A004AA2BF /* OpenGLES.framework */; };
		F0CFAD891DB00192004AA2BF /* SystemConfiguration.framework in Frameworks */ = {isa = PBXBuildFile; fileRef = F0CFAD881DB00192004AA2BF /* SystemConfiguration.framework */; };
		F0CFAD8B1DB0019A004AA2BF /* CoreLocation.framework in Frameworks */ = {isa = PBXBuildFile; fileRef = F0CFAD8A1DB0019A004AA2BF /* CoreLocation.framework */; };
		F0CFAD8D1DB001A8004AA2BF /* QuartzCore.framework in Frameworks */ = {isa = PBXBuildFile; fileRef = F0CFAD8C1DB001A8004AA2BF /* QuartzCore.framework */; };
		F0CFAD8F1DB001B3004AA2BF /* libstdc++.6.0.9.tbd in Frameworks */ = {isa = PBXBuildFile; fileRef = F0CFAD8E1DB001B3004AA2BF /* libstdc++.6.0.9.tbd */; };
		F0CFAD911DB001B9004AA2BF /* libxml2.2.tbd in Frameworks */ = {isa = PBXBuildFile; fileRef = F0CFAD901DB001B9004AA2BF /* libxml2.2.tbd */; };
		F0CFAD931DB001C0004AA2BF /* libsqlite3.0.tbd in Frameworks */ = {isa = PBXBuildFile; fileRef = F0CFAD921DB001C0004AA2BF /* libsqlite3.0.tbd */; };
		F0CFADB21DB001FC004AA2BF /* DaumMap.framework in Frameworks */ = {isa = PBXBuildFile; fileRef = F0CFAD951DB001FC004AA2BF /* DaumMap.framework */; };
		F0CFADB31DB001FC004AA2BF /* copyright.png in Resources */ = {isa = PBXBuildFile; fileRef = F0CFAD971DB001FC004AA2BF /* copyright.png */; };
		F0CFADB41DB001FC004AA2BF /* daum_copyright.png in Resources */ = {isa = PBXBuildFile; fileRef = F0CFAD981DB001FC004AA2BF /* daum_copyright.png */; };
		F0CFADB51DB001FC004AA2BF /* daum_th_line.png in Resources */ = {isa = PBXBuildFile; fileRef = F0CFAD991DB001FC004AA2BF /* daum_th_line.png */; };
		F0CFADB61DB001FC004AA2BF /* detail_button.png in Resources */ = {isa = PBXBuildFile; fileRef = F0CFAD9A1DB001FC004AA2BF /* detail_button.png */; };
		F0CFADB71DB001FC004AA2BF /* info_box.png in Resources */ = {isa = PBXBuildFile; fileRef = F0CFAD9B1DB001FC004AA2BF /* info_box.png */; };
		F0CFADB81DB001FC004AA2BF /* info_box_tail.png in Resources */ = {isa = PBXBuildFile; fileRef = F0CFAD9C1DB001FC004AA2BF /* info_box_tail.png */; };
		F0CFADB91DB001FC004AA2BF /* map_pin.png in Resources */ = {isa = PBXBuildFile; fileRef = F0CFAD9D1DB001FC004AA2BF /* map_pin.png */; };
		F0CFADBA1DB001FC004AA2BF /* map_pin@3x.png in Resources */ = {isa = PBXBuildFile; fileRef = F0CFAD9E1DB001FC004AA2BF /* map_pin@3x.png */; };
		F0CFADBB1DB001FC004AA2BF /* map_pin_custom.png in Resources */ = {isa = PBXBuildFile; fileRef = F0CFAD9F1DB001FC004AA2BF /* map_pin_custom.png */; };
		F0CFADBC1DB001FC004AA2BF /* map_pin_custom@3x.png in Resources */ = {isa = PBXBuildFile; fileRef = F0CFADA01DB001FC004AA2BF /* map_pin_custom@3x.png */; };
		F0CFADBD1DB001FC004AA2BF /* map_pin_red.png in Resources */ = {isa = PBXBuildFile; fileRef = F0CFADA11DB001FC004AA2BF /* map_pin_red.png */; };
		F0CFADBE1DB001FC004AA2BF /* map_pin_red@3x.png in Resources */ = {isa = PBXBuildFile; fileRef = F0CFADA21DB001FC004AA2BF /* map_pin_red@3x.png */; };
		F0CFADBF1DB001FC004AA2BF /* map_pin_shadow.png in Resources */ = {isa = PBXBuildFile; fileRef = F0CFADA31DB001FC004AA2BF /* map_pin_shadow.png */; };
		F0CFADC01DB001FC004AA2BF /* map_pin_shadow@3x.png in Resources */ = {isa = PBXBuildFile; fileRef = F0CFADA41DB001FC004AA2BF /* map_pin_shadow@3x.png */; };
		F0CFADC11DB001FC004AA2BF /* map_pinup.png in Resources */ = {isa = PBXBuildFile; fileRef = F0CFADA51DB001FC004AA2BF /* map_pinup.png */; };
		F0CFADC21DB001FC004AA2BF /* map_pinup@3x.png in Resources */ = {isa = PBXBuildFile; fileRef = F0CFADA61DB001FC004AA2BF /* map_pinup@3x.png */; };
		F0CFADC31DB001FC004AA2BF /* map_pinup_custom.png in Resources */ = {isa = PBXBuildFile; fileRef = F0CFADA71DB001FC004AA2BF /* map_pinup_custom.png */; };
		F0CFADC41DB001FC004AA2BF /* map_pinup_custom@3x.png in Resources */ = {isa = PBXBuildFile; fileRef = F0CFADA81DB001FC004AA2BF /* map_pinup_custom@3x.png */; };
		F0CFADC51DB001FC004AA2BF /* map_present.png in Resources */ = {isa = PBXBuildFile; fileRef = F0CFADA91DB001FC004AA2BF /* map_present.png */; };
		F0CFADC61DB001FC004AA2BF /* map_present_background_update.png in Resources */ = {isa = PBXBuildFile; fileRef = F0CFADAA1DB001FC004AA2BF /* map_present_background_update.png */; };
		F0CFADC71DB001FC004AA2BF /* map_present_direction.png in Resources */ = {isa = PBXBuildFile; fileRef = F0CFADAB1DB001FC004AA2BF /* map_present_direction.png */; };
		F0CFADC81DB001FC004AA2BF /* map_present_tracking.png in Resources */ = {isa = PBXBuildFile; fileRef = F0CFADAC1DB001FC004AA2BF /* map_present_tracking.png */; };
		F0CFADC91DB001FC004AA2BF /* noimage.png in Resources */ = {isa = PBXBuildFile; fileRef = F0CFADAD1DB001FC004AA2BF /* noimage.png */; };
		F0CFADCA1DB001FC004AA2BF /* noimage256.png in Resources */ = {isa = PBXBuildFile; fileRef = F0CFADAE1DB001FC004AA2BF /* noimage256.png */; };
		F0CFADCB1DB001FC004AA2BF /* point_sprite.png in Resources */ = {isa = PBXBuildFile; fileRef = F0CFADAF1DB001FC004AA2BF /* point_sprite.png */; };
		F0CFADCC1DB001FC004AA2BF /* shadow_balloon.png in Resources */ = {isa = PBXBuildFile; fileRef = F0CFADB01DB001FC004AA2BF /* shadow_balloon.png */; };
		F0CFADCD1DB001FC004AA2BF /* th_line.png in Resources */ = {isa = PBXBuildFile; fileRef = F0CFADB11DB001FC004AA2BF /* th_line.png */; };
/* End PBXBuildFile section */

/* Begin PBXFileReference section */
		1AAC58C50BDBA3D7712AB26C /* Pods-fishing.release.xcconfig */ = {isa = PBXFileReference; includeInIndex = 1; lastKnownFileType = text.xcconfig; name = "Pods-fishing.release.xcconfig"; path = "Pods/Target Support Files/Pods-fishing/Pods-fishing.release.xcconfig"; sourceTree = "<group>"; };
		68C1B06E08DE8A507C4AC214 /* Pods_fishing.framework */ = {isa = PBXFileReference; explicitFileType = wrapper.framework; includeInIndex = 0; path = Pods_fishing.framework; sourceTree = BUILT_PRODUCTS_DIR; };
		E56F9D9568D5331B0031D35A /* Pods-fishing.debug.xcconfig */ = {isa = PBXFileReference; includeInIndex = 1; lastKnownFileType = text.xcconfig; name = "Pods-fishing.debug.xcconfig"; path = "Pods/Target Support Files/Pods-fishing/Pods-fishing.debug.xcconfig"; sourceTree = "<group>"; };
		F00311411E2F9D94002A717D /* mypictureViewCell.swift */ = {isa = PBXFileReference; fileEncoding = 4; lastKnownFileType = sourcecode.swift; name = mypictureViewCell.swift; path = fishing/mypictureViewCell.swift; sourceTree = "<group>"; };
		F01EC9791DB738770039FC59 /* mapicon.png */ = {isa = PBXFileReference; lastKnownFileType = image.png; path = mapicon.png; sourceTree = "<group>"; };
		F0322C231DDEF7480005362F /* HearderMyProfile.swift */ = {isa = PBXFileReference; fileEncoding = 4; lastKnownFileType = sourcecode.swift; name = HearderMyProfile.swift; path = fishing/HearderMyProfile.swift; sourceTree = "<group>"; };
		F035991B1DE32DDF00F0FA3C /* profileChange.swift */ = {isa = PBXFileReference; fileEncoding = 4; lastKnownFileType = sourcecode.swift; path = profileChange.swift; sourceTree = "<group>"; };
		F03599281DE3535F00F0FA3C /* imBookmark.png */ = {isa = PBXFileReference; lastKnownFileType = image.png; path = imBookmark.png; sourceTree = "<group>"; };
		F03599291DE3535F00F0FA3C /* imEmail.png */ = {isa = PBXFileReference; lastKnownFileType = image.png; path = imEmail.png; sourceTree = "<group>"; };
		F035992A1DE3535F00F0FA3C /* imProfile.png */ = {isa = PBXFileReference; lastKnownFileType = image.png; path = imProfile.png; sourceTree = "<group>"; };
		F03F21DF1E026A7700376965 /* profileChangeCell.swift */ = {isa = PBXFileReference; fileEncoding = 4; lastKnownFileType = sourcecode.swift; path = profileChangeCell.swift; sourceTree = "<group>"; };
		F03F7EB91E36447F00FA002A /* MapKit.framework */ = {isa = PBXFileReference; lastKnownFileType = wrapper.framework; name = MapKit.framework; path = System/Library/Frameworks/MapKit.framework; sourceTree = SDKROOT; };
		F06288E51E0BB69B000BD8B7 /* imLures.png */ = {isa = PBXFileReference; lastKnownFileType = image.png; path = imLures.png; sourceTree = "<group>"; };
		F06288E71E0BB69B000BD8B7 /* imReel.png */ = {isa = PBXFileReference; lastKnownFileType = image.png; path = imReel.png; sourceTree = "<group>"; };
		F06288E81E0BB69B000BD8B7 /* imStick.png */ = {isa = PBXFileReference; lastKnownFileType = image.png; path = imStick.png; sourceTree = "<group>"; };
		F06288E91E0BB69B000BD8B7 /* imThread.png */ = {isa = PBXFileReference; lastKnownFileType = image.png; path = imThread.png; sourceTree = "<group>"; };
		F06288EF1E0BB6EF000BD8B7 /* imInforicon.jpg */ = {isa = PBXFileReference; lastKnownFileType = image.jpeg; path = imInforicon.jpg; sourceTree = "<group>"; };
		F0702D031DB06B25004509FC /* memberJoin.swift */ = {isa = PBXFileReference; fileEncoding = 4; lastKnownFileType = sourcecode.swift; path = memberJoin.swift; sourceTree = "<group>"; };
		F09510031DC72B4000CC87A1 /* image1.png */ = {isa = PBXFileReference; lastKnownFileType = image.png; path = image1.png; sourceTree = "<group>"; };
		F09510041DC72B4000CC87A1 /* image2.png */ = {isa = PBXFileReference; lastKnownFileType = image.png; path = image2.png; sourceTree = "<group>"; };
		F09510051DC72B4000CC87A1 /* image3.png */ = {isa = PBXFileReference; lastKnownFileType = image.png; path = image3.png; sourceTree = "<group>"; };
		F09510061DC72B4000CC87A1 /* image4.png */ = {isa = PBXFileReference; lastKnownFileType = image.png; path = image4.png; sourceTree = "<group>"; };
		F09510071DC72B4000CC87A1 /* image5.png */ = {isa = PBXFileReference; lastKnownFileType = image.png; path = image5.png; sourceTree = "<group>"; };
		F09510081DC72B4000CC87A1 /* image6.png */ = {isa = PBXFileReference; lastKnownFileType = image.png; path = image6.png; sourceTree = "<group>"; };
		F09510091DC72B4000CC87A1 /* image7.png */ = {isa = PBXFileReference; lastKnownFileType = image.png; path = image7.png; sourceTree = "<group>"; };
		F0C481651DB8855C00162D0B /* testimage.jpg */ = {isa = PBXFileReference; lastKnownFileType = image.jpeg; path = testimage.jpg; sourceTree = "<group>"; };
		F0C648961DAFE4CE00CFA5E3 /* fishing.app */ = {isa = PBXFileReference; explicitFileType = wrapper.application; includeInIndex = 0; path = fishing.app; sourceTree = BUILT_PRODUCTS_DIR; };
		F0C648991DAFE4CE00CFA5E3 /* AppDelegate.swift */ = {isa = PBXFileReference; lastKnownFileType = sourcecode.swift; path = AppDelegate.swift; sourceTree = "<group>"; };
		F0C6489B1DAFE4CE00CFA5E3 /* ViewController.swift */ = {isa = PBXFileReference; lastKnownFileType = sourcecode.swift; path = ViewController.swift; sourceTree = "<group>"; };
		F0C6489E1DAFE4CE00CFA5E3 /* Base */ = {isa = PBXFileReference; lastKnownFileType = file.storyboard; name = Base; path = Base.lproj/Main.storyboard; sourceTree = "<group>"; };
		F0C648A01DAFE4CE00CFA5E3 /* Assets.xcassets */ = {isa = PBXFileReference; lastKnownFileType = folder.assetcatalog; path = Assets.xcassets; sourceTree = "<group>"; };
		F0C648A31DAFE4CE00CFA5E3 /* Base */ = {isa = PBXFileReference; lastKnownFileType = file.storyboard; name = Base; path = Base.lproj/LaunchScreen.storyboard; sourceTree = "<group>"; };
		F0C648A51DAFE4CE00CFA5E3 /* Info.plist */ = {isa = PBXFileReference; lastKnownFileType = text.plist.xml; path = Info.plist; sourceTree = "<group>"; };
		F0C648AC1DAFE54400CFA5E3 /* mapView.swift */ = {isa = PBXFileReference; fileEncoding = 4; lastKnownFileType = sourcecode.swift; path = mapView.swift; sourceTree = "<group>"; };
		F0CC69321DD4159A00BDF6D0 /* profileView.swift */ = {isa = PBXFileReference; fileEncoding = 4; lastKnownFileType = sourcecode.swift; path = profileView.swift; sourceTree = "<group>"; };
		F0CF38D01DEEF607002CCEDE /* cameraView.swift */ = {isa = PBXFileReference; fileEncoding = 4; lastKnownFileType = sourcecode.swift; path = cameraView.swift; sourceTree = "<group>"; };
		F0CFAD861DB0018A004AA2BF /* OpenGLES.framework */ = {isa = PBXFileReference; lastKnownFileType = wrapper.framework; name = OpenGLES.framework; path = System/Library/Frameworks/OpenGLES.framework; sourceTree = SDKROOT; };
		F0CFAD881DB00192004AA2BF /* SystemConfiguration.framework */ = {isa = PBXFileReference; lastKnownFileType = wrapper.framework; name = SystemConfiguration.framework; path = System/Library/Frameworks/SystemConfiguration.framework; sourceTree = SDKROOT; };
		F0CFAD8A1DB0019A004AA2BF /* CoreLocation.framework */ = {isa = PBXFileReference; lastKnownFileType = wrapper.framework; name = CoreLocation.framework; path = System/Library/Frameworks/CoreLocation.framework; sourceTree = SDKROOT; };
		F0CFAD8C1DB001A8004AA2BF /* QuartzCore.framework */ = {isa = PBXFileReference; lastKnownFileType = wrapper.framework; name = QuartzCore.framework; path = System/Library/Frameworks/QuartzCore.framework; sourceTree = SDKROOT; };
		F0CFAD8E1DB001B3004AA2BF /* libstdc++.6.0.9.tbd */ = {isa = PBXFileReference; lastKnownFileType = "sourcecode.text-based-dylib-definition"; name = "libstdc++.6.0.9.tbd"; path = "usr/lib/libstdc++.6.0.9.tbd"; sourceTree = SDKROOT; };
		F0CFAD901DB001B9004AA2BF /* libxml2.2.tbd */ = {isa = PBXFileReference; lastKnownFileType = "sourcecode.text-based-dylib-definition"; name = libxml2.2.tbd; path = usr/lib/libxml2.2.tbd; sourceTree = SDKROOT; };
		F0CFAD921DB001C0004AA2BF /* libsqlite3.0.tbd */ = {isa = PBXFileReference; lastKnownFileType = "sourcecode.text-based-dylib-definition"; name = libsqlite3.0.tbd; path = usr/lib/libsqlite3.0.tbd; sourceTree = SDKROOT; };
		F0CFAD951DB001FC004AA2BF /* DaumMap.framework */ = {isa = PBXFileReference; lastKnownFileType = wrapper.framework; path = DaumMap.framework; sourceTree = "<group>"; };
		F0CFAD971DB001FC004AA2BF /* copyright.png */ = {isa = PBXFileReference; lastKnownFileType = image.png; path = copyright.png; sourceTree = "<group>"; };
		F0CFAD981DB001FC004AA2BF /* daum_copyright.png */ = {isa = PBXFileReference; lastKnownFileType = image.png; path = daum_copyright.png; sourceTree = "<group>"; };
		F0CFAD991DB001FC004AA2BF /* daum_th_line.png */ = {isa = PBXFileReference; lastKnownFileType = image.png; path = daum_th_line.png; sourceTree = "<group>"; };
		F0CFAD9A1DB001FC004AA2BF /* detail_button.png */ = {isa = PBXFileReference; lastKnownFileType = image.png; path = detail_button.png; sourceTree = "<group>"; };
		F0CFAD9B1DB001FC004AA2BF /* info_box.png */ = {isa = PBXFileReference; lastKnownFileType = image.png; path = info_box.png; sourceTree = "<group>"; };
		F0CFAD9C1DB001FC004AA2BF /* info_box_tail.png */ = {isa = PBXFileReference; lastKnownFileType = image.png; path = info_box_tail.png; sourceTree = "<group>"; };
		F0CFAD9D1DB001FC004AA2BF /* map_pin.png */ = {isa = PBXFileReference; lastKnownFileType = image.png; path = map_pin.png; sourceTree = "<group>"; };
		F0CFAD9E1DB001FC004AA2BF /* map_pin@3x.png */ = {isa = PBXFileReference; lastKnownFileType = image.png; path = "map_pin@3x.png"; sourceTree = "<group>"; };
		F0CFAD9F1DB001FC004AA2BF /* map_pin_custom.png */ = {isa = PBXFileReference; lastKnownFileType = image.png; path = map_pin_custom.png; sourceTree = "<group>"; };
		F0CFADA01DB001FC004AA2BF /* map_pin_custom@3x.png */ = {isa = PBXFileReference; lastKnownFileType = image.png; path = "map_pin_custom@3x.png"; sourceTree = "<group>"; };
		F0CFADA11DB001FC004AA2BF /* map_pin_red.png */ = {isa = PBXFileReference; lastKnownFileType = image.png; path = map_pin_red.png; sourceTree = "<group>"; };
		F0CFADA21DB001FC004AA2BF /* map_pin_red@3x.png */ = {isa = PBXFileReference; lastKnownFileType = image.png; path = "map_pin_red@3x.png"; sourceTree = "<group>"; };
		F0CFADA31DB001FC004AA2BF /* map_pin_shadow.png */ = {isa = PBXFileReference; lastKnownFileType = image.png; path = map_pin_shadow.png; sourceTree = "<group>"; };
		F0CFADA41DB001FC004AA2BF /* map_pin_shadow@3x.png */ = {isa = PBXFileReference; lastKnownFileType = image.png; path = "map_pin_shadow@3x.png"; sourceTree = "<group>"; };
		F0CFADA51DB001FC004AA2BF /* map_pinup.png */ = {isa = PBXFileReference; lastKnownFileType = image.png; path = map_pinup.png; sourceTree = "<group>"; };
		F0CFADA61DB001FC004AA2BF /* map_pinup@3x.png */ = {isa = PBXFileReference; lastKnownFileType = image.png; path = "map_pinup@3x.png"; sourceTree = "<group>"; };
		F0CFADA71DB001FC004AA2BF /* map_pinup_custom.png */ = {isa = PBXFileReference; lastKnownFileType = image.png; path = map_pinup_custom.png; sourceTree = "<group>"; };
		F0CFADA81DB001FC004AA2BF /* map_pinup_custom@3x.png */ = {isa = PBXFileReference; lastKnownFileType = image.png; path = "map_pinup_custom@3x.png"; sourceTree = "<group>"; };
		F0CFADA91DB001FC004AA2BF /* map_present.png */ = {isa = PBXFileReference; lastKnownFileType = image.png; path = map_present.png; sourceTree = "<group>"; };
		F0CFADAA1DB001FC004AA2BF /* map_present_background_update.png */ = {isa = PBXFileReference; lastKnownFileType = image.png; path = map_present_background_update.png; sourceTree = "<group>"; };
		F0CFADAB1DB001FC004AA2BF /* map_present_direction.png */ = {isa = PBXFileReference; lastKnownFileType = image.png; path = map_present_direction.png; sourceTree = "<group>"; };
		F0CFADAC1DB001FC004AA2BF /* map_present_tracking.png */ = {isa = PBXFileReference; lastKnownFileType = image.png; path = map_present_tracking.png; sourceTree = "<group>"; };
		F0CFADAD1DB001FC004AA2BF /* noimage.png */ = {isa = PBXFileReference; lastKnownFileType = image.png; path = noimage.png; sourceTree = "<group>"; };
		F0CFADAE1DB001FC004AA2BF /* noimage256.png */ = {isa = PBXFileReference; lastKnownFileType = image.png; path = noimage256.png; sourceTree = "<group>"; };
		F0CFADAF1DB001FC004AA2BF /* point_sprite.png */ = {isa = PBXFileReference; lastKnownFileType = image.png; path = point_sprite.png; sourceTree = "<group>"; };
		F0CFADB01DB001FC004AA2BF /* shadow_balloon.png */ = {isa = PBXFileReference; lastKnownFileType = image.png; path = shadow_balloon.png; sourceTree = "<group>"; };
		F0CFADB11DB001FC004AA2BF /* th_line.png */ = {isa = PBXFileReference; lastKnownFileType = image.png; path = th_line.png; sourceTree = "<group>"; };
		F0CFADCE1DB0022B004AA2BF /* fishing-Bridging-Header.h */ = {isa = PBXFileReference; lastKnownFileType = sourcecode.c.h; path = "fishing-Bridging-Header.h"; sourceTree = "<group>"; };
/* End PBXFileReference section */

/* Begin PBXFrameworksBuildPhase section */
		F0C648931DAFE4CE00CFA5E3 /* Frameworks */ = {
			isa = PBXFrameworksBuildPhase;
			buildActionMask = 2147483647;
			files = (
				F0CFAD931DB001C0004AA2BF /* libsqlite3.0.tbd in Frameworks */,
				F0CFAD911DB001B9004AA2BF /* libxml2.2.tbd in Frameworks */,
				F03F7EBA1E36447F00FA002A /* MapKit.framework in Frameworks */,
				F0CFADB21DB001FC004AA2BF /* DaumMap.framework in Frameworks */,
				F0CFAD8F1DB001B3004AA2BF /* libstdc++.6.0.9.tbd in Frameworks */,
				F0CFAD8D1DB001A8004AA2BF /* QuartzCore.framework in Frameworks */,
				F0CFAD8B1DB0019A004AA2BF /* CoreLocation.framework in Frameworks */,
				F0CFAD891DB00192004AA2BF /* SystemConfiguration.framework in Frameworks */,
				F0CFAD871DB0018A004AA2BF /* OpenGLES.framework in Frameworks */,
				E757CEA05648D489C712FAD8 /* Pods_fishing.framework in Frameworks */,
			);
			runOnlyForDeploymentPostprocessing = 0;
		};
/* End PBXFrameworksBuildPhase section */

/* Begin PBXGroup section */
		EE04730A36EC66314B89306B /* Pods */ = {
			isa = PBXGroup;
			children = (
				F0CFAD851DB0018A004AA2BF /* Frameworks */,
				E56F9D9568D5331B0031D35A /* Pods-fishing.debug.xcconfig */,
				1AAC58C50BDBA3D7712AB26C /* Pods-fishing.release.xcconfig */,
			);
			name = Pods;
			sourceTree = "<group>";
		};
		F01EC9771DB72A750039FC59 /* 04)profile */ = {
			isa = PBXGroup;
			children = (
				F035991E1DE32E3900F0FA3C /* profileView */,
				F035991D1DE32E1E00F0FA3C /* profileChangeView */,
			);
			name = "04)profile";
			sourceTree = "<group>";
		};
		F01EC9781DB738620039FC59 /* image */ = {
			isa = PBXGroup;
			children = (
				F03599271DE34F1800F0FA3C /* profileIcon */,
				F0950FF21DC725ED00CC87A1 /* testimage */,
				F0C481651DB8855C00162D0B /* testimage.jpg */,
				F01EC9791DB738770039FC59 /* mapicon.png */,
			);
			name = image;
			path = ..;
			sourceTree = "<group>";
		};
		F035991D1DE32E1E00F0FA3C /* profileChangeView */ = {
			isa = PBXGroup;
			children = (
				F035991B1DE32DDF00F0FA3C /* profileChange.swift */,
				F0CF38D01DEEF607002CCEDE /* cameraView.swift */,
				F03F21E11E026A7D00376965 /* cell */,
			);
			name = profileChangeView;
			sourceTree = "<group>";
		};
		F035991E1DE32E3900F0FA3C /* profileView */ = {
			isa = PBXGroup;
			children = (
				F0CC69321DD4159A00BDF6D0 /* profileView.swift */,
				F0CC692B1DD3A62E00BDF6D0 /* cellHeader */,
			);
			name = profileView;
			sourceTree = "<group>";
		};
		F03599271DE34F1800F0FA3C /* profileIcon */ = {
			isa = PBXGroup;
			children = (
				F06288EF1E0BB6EF000BD8B7 /* imInforicon.jpg */,
				F06288E51E0BB69B000BD8B7 /* imLures.png */,
				F06288E71E0BB69B000BD8B7 /* imReel.png */,
				F06288E81E0BB69B000BD8B7 /* imStick.png */,
				F06288E91E0BB69B000BD8B7 /* imThread.png */,
				F03599281DE3535F00F0FA3C /* imBookmark.png */,
				F03599291DE3535F00F0FA3C /* imEmail.png */,
				F035992A1DE3535F00F0FA3C /* imProfile.png */,
			);
			name = profileIcon;
			sourceTree = "<group>";
		};
		F03F21E11E026A7D00376965 /* cell */ = {
			isa = PBXGroup;
			children = (
				F03F21DF1E026A7700376965 /* profileChangeCell.swift */,
			);
			name = cell;
			sourceTree = "<group>";
		};
		F03F7EB81E36447F00FA002A /* Frameworks */ = {
			isa = PBXGroup;
			children = (
				F03F7EB91E36447F00FA002A /* MapKit.framework */,
			);
			name = Frameworks;
			sourceTree = "<group>";
		};
		F0702D051DB06B29004509FC /* 03)memeberJoin */ = {
			isa = PBXGroup;
			children = (
				F0702D031DB06B25004509FC /* memberJoin.swift */,
			);
			name = "03)memeberJoin";
			path = ..;
			sourceTree = "<group>";
		};
		F0950FF21DC725ED00CC87A1 /* testimage */ = {
			isa = PBXGroup;
			children = (
				F09510031DC72B4000CC87A1 /* image1.png */,
				F09510041DC72B4000CC87A1 /* image2.png */,
				F09510051DC72B4000CC87A1 /* image3.png */,
				F09510061DC72B4000CC87A1 /* image4.png */,
				F09510071DC72B4000CC87A1 /* image5.png */,
				F09510081DC72B4000CC87A1 /* image6.png */,
				F09510091DC72B4000CC87A1 /* image7.png */,
			);
			path = testimage;
			sourceTree = "<group>";
		};
		F0C6488D1DAFE4CD00CFA5E3 = {
			isa = PBXGroup;
			children = (
				F0C648981DAFE4CE00CFA5E3 /* fishing */,
				F0CFADCE1DB0022B004AA2BF /* fishing-Bridging-Header.h */,
				F0C648971DAFE4CE00CFA5E3 /* Products */,
				EE04730A36EC66314B89306B /* Pods */,
				F03F7EB81E36447F00FA002A /* Frameworks */,
			);
			sourceTree = "<group>";
		};
		F0C648971DAFE4CE00CFA5E3 /* Products */ = {
			isa = PBXGroup;
			children = (
				F0C648961DAFE4CE00CFA5E3 /* fishing.app */,
			);
			name = Products;
			sourceTree = "<group>";
		};
		F0C648981DAFE4CE00CFA5E3 /* fishing */ = {
			isa = PBXGroup;
			children = (
				F0C648991DAFE4CE00CFA5E3 /* AppDelegate.swift */,
				F0C648AB1DAFE4F600CFA5E3 /* 01)main */,
				F0C648AE1DAFE54800CFA5E3 /* 02)mapview */,
				F0702D051DB06B29004509FC /* 03)memeberJoin */,
				F01EC9771DB72A750039FC59 /* 04)profile */,
				F0C6489D1DAFE4CE00CFA5E3 /* Main.storyboard */,
				F01EC9781DB738620039FC59 /* image */,
				F0C648A01DAFE4CE00CFA5E3 /* Assets.xcassets */,
				F0C648A21DAFE4CE00CFA5E3 /* LaunchScreen.storyboard */,
				F0C648A51DAFE4CE00CFA5E3 /* Info.plist */,
			);
			path = fishing;
			sourceTree = "<group>";
		};
		F0C648AB1DAFE4F600CFA5E3 /* 01)main */ = {
			isa = PBXGroup;
			children = (
				F0C6489B1DAFE4CE00CFA5E3 /* ViewController.swift */,
			);
			name = "01)main";
			sourceTree = "<group>";
		};
		F0C648AE1DAFE54800CFA5E3 /* 02)mapview */ = {
			isa = PBXGroup;
			children = (
				F0C648AC1DAFE54400CFA5E3 /* mapView.swift */,
			);
			name = "02)mapview";
			path = ..;
			sourceTree = "<group>";
		};
		F0CC692B1DD3A62E00BDF6D0 /* cellHeader */ = {
			isa = PBXGroup;
			children = (
				F00311411E2F9D94002A717D /* mypictureViewCell.swift */,
				F0322C231DDEF7480005362F /* HearderMyProfile.swift */,
			);
			name = cellHeader;
			path = ..;
			sourceTree = "<group>";
		};
		F0CFAD851DB0018A004AA2BF /* Frameworks */ = {
			isa = PBXGroup;
			children = (
				F0CFAD941DB001FC004AA2BF /* DaumMap.embeddedframework */,
				F0CFAD921DB001C0004AA2BF /* libsqlite3.0.tbd */,
				F0CFAD901DB001B9004AA2BF /* libxml2.2.tbd */,
				F0CFAD8E1DB001B3004AA2BF /* libstdc++.6.0.9.tbd */,
				F0CFAD8C1DB001A8004AA2BF /* QuartzCore.framework */,
				F0CFAD8A1DB0019A004AA2BF /* CoreLocation.framework */,
				F0CFAD881DB00192004AA2BF /* SystemConfiguration.framework */,
				F0CFAD861DB0018A004AA2BF /* OpenGLES.framework */,
				68C1B06E08DE8A507C4AC214 /* Pods_fishing.framework */,
			);
			name = Frameworks;
			sourceTree = "<group>";
		};
		F0CFAD941DB001FC004AA2BF /* DaumMap.embeddedframework */ = {
			isa = PBXGroup;
			children = (
				F0CFAD951DB001FC004AA2BF /* DaumMap.framework */,
				F0CFAD961DB001FC004AA2BF /* Resources */,
			);
			name = DaumMap.embeddedframework;
			path = IOS_DaumMap_SDK/lib/DaumMap.embeddedframework;
			sourceTree = "<group>";
		};
		F0CFAD961DB001FC004AA2BF /* Resources */ = {
			isa = PBXGroup;
			children = (
				F0CFAD971DB001FC004AA2BF /* copyright.png */,
				F0CFAD981DB001FC004AA2BF /* daum_copyright.png */,
				F0CFAD991DB001FC004AA2BF /* daum_th_line.png */,
				F0CFAD9A1DB001FC004AA2BF /* detail_button.png */,
				F0CFAD9B1DB001FC004AA2BF /* info_box.png */,
				F0CFAD9C1DB001FC004AA2BF /* info_box_tail.png */,
				F0CFAD9D1DB001FC004AA2BF /* map_pin.png */,
				F0CFAD9E1DB001FC004AA2BF /* map_pin@3x.png */,
				F0CFAD9F1DB001FC004AA2BF /* map_pin_custom.png */,
				F0CFADA01DB001FC004AA2BF /* map_pin_custom@3x.png */,
				F0CFADA11DB001FC004AA2BF /* map_pin_red.png */,
				F0CFADA21DB001FC004AA2BF /* map_pin_red@3x.png */,
				F0CFADA31DB001FC004AA2BF /* map_pin_shadow.png */,
				F0CFADA41DB001FC004AA2BF /* map_pin_shadow@3x.png */,
				F0CFADA51DB001FC004AA2BF /* map_pinup.png */,
				F0CFADA61DB001FC004AA2BF /* map_pinup@3x.png */,
				F0CFADA71DB001FC004AA2BF /* map_pinup_custom.png */,
				F0CFADA81DB001FC004AA2BF /* map_pinup_custom@3x.png */,
				F0CFADA91DB001FC004AA2BF /* map_present.png */,
				F0CFADAA1DB001FC004AA2BF /* map_present_background_update.png */,
				F0CFADAB1DB001FC004AA2BF /* map_present_direction.png */,
				F0CFADAC1DB001FC004AA2BF /* map_present_tracking.png */,
				F0CFADAD1DB001FC004AA2BF /* noimage.png */,
				F0CFADAE1DB001FC004AA2BF /* noimage256.png */,
				F0CFADAF1DB001FC004AA2BF /* point_sprite.png */,
				F0CFADB01DB001FC004AA2BF /* shadow_balloon.png */,
				F0CFADB11DB001FC004AA2BF /* th_line.png */,
			);
			path = Resources;
			sourceTree = "<group>";
		};
/* End PBXGroup section */

/* Begin PBXNativeTarget section */
		F0C648951DAFE4CE00CFA5E3 /* fishing */ = {
			isa = PBXNativeTarget;
			buildConfigurationList = F0C648A81DAFE4CE00CFA5E3 /* Build configuration list for PBXNativeTarget "fishing" */;
			buildPhases = (
				F6175F5EE1CFE23E510BFA31 /* [CP] Check Pods Manifest.lock */,
				F0C648921DAFE4CE00CFA5E3 /* Sources */,
				F0C648931DAFE4CE00CFA5E3 /* Frameworks */,
				F0C648941DAFE4CE00CFA5E3 /* Resources */,
				9D5B66D2E8143CF0529CD182 /* [CP] Embed Pods Frameworks */,
				C9ADF8E76EC470650F5D1C14 /* [CP] Copy Pods Resources */,
			);
			buildRules = (
			);
			dependencies = (
			);
			name = fishing;
			productName = fishing;
			productReference = F0C648961DAFE4CE00CFA5E3 /* fishing.app */;
			productType = "com.apple.product-type.application";
		};
/* End PBXNativeTarget section */

/* Begin PBXProject section */
		F0C6488E1DAFE4CD00CFA5E3 /* Project object */ = {
			isa = PBXProject;
			attributes = {
				LastSwiftUpdateCheck = 0800;
				LastUpgradeCheck = 0800;
				ORGANIZATIONNAME = IMS;
				TargetAttributes = {
					F0C648951DAFE4CE00CFA5E3 = {
						CreatedOnToolsVersion = 8.0;
						DevelopmentTeam = HKUW29KE3M;
						LastSwiftMigration = 0800;
						ProvisioningStyle = Automatic;
						SystemCapabilities = {
							com.apple.BackgroundModes = {
								enabled = 1;
							};
							com.apple.Maps.iOS = {
								enabled = 1;
							};
						};
					};
				};
			};
			buildConfigurationList = F0C648911DAFE4CD00CFA5E3 /* Build configuration list for PBXProject "fishing" */;
			compatibilityVersion = "Xcode 3.2";
			developmentRegion = English;
			hasScannedForEncodings = 0;
			knownRegions = (
				en,
				Base,
			);
			mainGroup = F0C6488D1DAFE4CD00CFA5E3;
			productRefGroup = F0C648971DAFE4CE00CFA5E3 /* Products */;
			projectDirPath = "";
			projectRoot = "";
			targets = (
				F0C648951DAFE4CE00CFA5E3 /* fishing */,
			);
		};
/* End PBXProject section */

/* Begin PBXResourcesBuildPhase section */
		F0C648941DAFE4CE00CFA5E3 /* Resources */ = {
			isa = PBXResourcesBuildPhase;
			buildActionMask = 2147483647;
			files = (
				F06288ED1E0BB69B000BD8B7 /* imStick.png in Resources */,
				F095100D1DC72B4000CC87A1 /* image4.png in Resources */,
				F0CFADB81DB001FC004AA2BF /* info_box_tail.png in Resources */,
				F095100F1DC72B4000CC87A1 /* image6.png in Resources */,
				F0CFADC81DB001FC004AA2BF /* map_present_tracking.png in Resources */,
				F0CFADB41DB001FC004AA2BF /* daum_copyright.png in Resources */,
				F0CFADB91DB001FC004AA2BF /* map_pin.png in Resources */,
				F0CFADBE1DB001FC004AA2BF /* map_pin_red@3x.png in Resources */,
				F0C648A41DAFE4CE00CFA5E3 /* LaunchScreen.storyboard in Resources */,
				F0CFADC61DB001FC004AA2BF /* map_present_background_update.png in Resources */,
				F0CFADCA1DB001FC004AA2BF /* noimage256.png in Resources */,
				F06288EA1E0BB69B000BD8B7 /* imLures.png in Resources */,
				F0CFADB51DB001FC004AA2BF /* daum_th_line.png in Resources */,
				F0CFADB71DB001FC004AA2BF /* info_box.png in Resources */,
				F09510101DC72B4000CC87A1 /* image7.png in Resources */,
				F0CFADC41DB001FC004AA2BF /* map_pinup_custom@3x.png in Resources */,
				F0CFADCD1DB001FC004AA2BF /* th_line.png in Resources */,
				F06288EE1E0BB69B000BD8B7 /* imThread.png in Resources */,
				F095100E1DC72B4000CC87A1 /* image5.png in Resources */,
				F06288EC1E0BB69B000BD8B7 /* imReel.png in Resources */,
				F0CFADBD1DB001FC004AA2BF /* map_pin_red.png in Resources */,
				F0CFADB31DB001FC004AA2BF /* copyright.png in Resources */,
				F0CFADB61DB001FC004AA2BF /* detail_button.png in Resources */,
				F0CFADC31DB001FC004AA2BF /* map_pinup_custom.png in Resources */,
				F0CFADBA1DB001FC004AA2BF /* map_pin@3x.png in Resources */,
				F035992B1DE3535F00F0FA3C /* imBookmark.png in Resources */,
				F0CFADCC1DB001FC004AA2BF /* shadow_balloon.png in Resources */,
				F0CFADC01DB001FC004AA2BF /* map_pin_shadow@3x.png in Resources */,
				F035992C1DE3535F00F0FA3C /* imEmail.png in Resources */,
				F0CFADC21DB001FC004AA2BF /* map_pinup@3x.png in Resources */,
				F0CFADBC1DB001FC004AA2BF /* map_pin_custom@3x.png in Resources */,
				F0C648A11DAFE4CE00CFA5E3 /* Assets.xcassets in Resources */,
				F0CFADC71DB001FC004AA2BF /* map_present_direction.png in Resources */,
				F0C6489F1DAFE4CE00CFA5E3 /* Main.storyboard in Resources */,
				F0CFADBF1DB001FC004AA2BF /* map_pin_shadow.png in Resources */,
				F0CFADC91DB001FC004AA2BF /* noimage.png in Resources */,
				F095100C1DC72B4000CC87A1 /* image3.png in Resources */,
				F0CFADBB1DB001FC004AA2BF /* map_pin_custom.png in Resources */,
				F095100A1DC72B4000CC87A1 /* image1.png in Resources */,
				F095100B1DC72B4000CC87A1 /* image2.png in Resources */,
				F0CFADC51DB001FC004AA2BF /* map_present.png in Resources */,
				F0CFADC11DB001FC004AA2BF /* map_pinup.png in Resources */,
				F06288F01E0BB6EF000BD8B7 /* imInforicon.jpg in Resources */,
				F0CFADCB1DB001FC004AA2BF /* point_sprite.png in Resources */,
				F035992D1DE3535F00F0FA3C /* imProfile.png in Resources */,
				F01EC97A1DB738770039FC59 /* mapicon.png in Resources */,
				F0C481661DB8855C00162D0B /* testimage.jpg in Resources */,
			);
			runOnlyForDeploymentPostprocessing = 0;
		};
/* End PBXResourcesBuildPhase section */

/* Begin PBXShellScriptBuildPhase section */
		9D5B66D2E8143CF0529CD182 /* [CP] Embed Pods Frameworks */ = {
			isa = PBXShellScriptBuildPhase;
			buildActionMask = 2147483647;
			files = (
			);
			inputPaths = (
			);
			name = "[CP] Embed Pods Frameworks";
			outputPaths = (
			);
			runOnlyForDeploymentPostprocessing = 0;
			shellPath = /bin/sh;
			shellScript = "\"${SRCROOT}/Pods/Target Support Files/Pods-fishing/Pods-fishing-frameworks.sh\"\n";
			showEnvVarsInLog = 0;
		};
		C9ADF8E76EC470650F5D1C14 /* [CP] Copy Pods Resources */ = {
			isa = PBXShellScriptBuildPhase;
			buildActionMask = 2147483647;
			files = (
			);
			inputPaths = (
			);
			name = "[CP] Copy Pods Resources";
			outputPaths = (
			);
			runOnlyForDeploymentPostprocessing = 0;
			shellPath = /bin/sh;
			shellScript = "\"${SRCROOT}/Pods/Target Support Files/Pods-fishing/Pods-fishing-resources.sh\"\n";
			showEnvVarsInLog = 0;
		};
		F6175F5EE1CFE23E510BFA31 /* [CP] Check Pods Manifest.lock */ = {
			isa = PBXShellScriptBuildPhase;
			buildActionMask = 2147483647;
			files = (
			);
			inputPaths = (
			);
			name = "[CP] Check Pods Manifest.lock";
			outputPaths = (
			);
			runOnlyForDeploymentPostprocessing = 0;
			shellPath = /bin/sh;
			shellScript = "diff \"${PODS_ROOT}/../Podfile.lock\" \"${PODS_ROOT}/Manifest.lock\" > /dev/null\nif [[ $? != 0 ]] ; then\n    cat << EOM\nerror: The sandbox is not in sync with the Podfile.lock. Run 'pod install' or update your CocoaPods installation.\nEOM\n    exit 1\nfi\n";
			showEnvVarsInLog = 0;
		};
/* End PBXShellScriptBuildPhase section */

/* Begin PBXSourcesBuildPhase section */
		F0C648921DAFE4CE00CFA5E3 /* Sources */ = {
			isa = PBXSourcesBuildPhase;
			buildActionMask = 2147483647;
			files = (
				F0322C241DDEF7480005362F /* HearderMyProfile.swift in Sources */,
				F0CC69331DD4159A00BDF6D0 /* profileView.swift in Sources */,
				F03F21E01E026A7700376965 /* profileChangeCell.swift in Sources */,
				F00311421E2F9D94002A717D /* mypictureViewCell.swift in Sources */,
				F0C6489C1DAFE4CE00CFA5E3 /* ViewController.swift in Sources */,
				F0C6489A1DAFE4CE00CFA5E3 /* AppDelegate.swift in Sources */,
				F035991C1DE32DDF00F0FA3C /* profileChange.swift in Sources */,
				F0C648AD1DAFE54400CFA5E3 /* mapView.swift in Sources */,
				F0CF38D11DEEF607002CCEDE /* cameraView.swift in Sources */,
				F0702D041DB06B25004509FC /* memberJoin.swift in Sources */,
			);
			runOnlyForDeploymentPostprocessing = 0;
		};
/* End PBXSourcesBuildPhase section */

/* Begin PBXVariantGroup section */
		F0C6489D1DAFE4CE00CFA5E3 /* Main.storyboard */ = {
			isa = PBXVariantGroup;
			children = (
				F0C6489E1DAFE4CE00CFA5E3 /* Base */,
			);
			name = Main.storyboard;
			sourceTree = "<group>";
		};
		F0C648A21DAFE4CE00CFA5E3 /* LaunchScreen.storyboard */ = {
			isa = PBXVariantGroup;
			children = (
				F0C648A31DAFE4CE00CFA5E3 /* Base */,
			);
			name = LaunchScreen.storyboard;
			sourceTree = "<group>";
		};
/* End PBXVariantGroup section */

/* Begin XCBuildConfiguration section */
		F0C648A61DAFE4CE00CFA5E3 /* Debug */ = {
			isa = XCBuildConfiguration;
			buildSettings = {
				ALWAYS_SEARCH_USER_PATHS = NO;
				CLANG_ANALYZER_NONNULL = YES;
				CLANG_CXX_LANGUAGE_STANDARD = "gnu++0x";
				CLANG_CXX_LIBRARY = "libc++";
				CLANG_ENABLE_MODULES = YES;
				CLANG_ENABLE_OBJC_ARC = YES;
				CLANG_WARN_BOOL_CONVERSION = YES;
				CLANG_WARN_CONSTANT_CONVERSION = YES;
				CLANG_WARN_DIRECT_OBJC_ISA_USAGE = YES_ERROR;
				CLANG_WARN_DOCUMENTATION_COMMENTS = YES;
				CLANG_WARN_EMPTY_BODY = YES;
				CLANG_WARN_ENUM_CONVERSION = YES;
				CLANG_WARN_INFINITE_RECURSION = YES;
				CLANG_WARN_INT_CONVERSION = YES;
				CLANG_WARN_OBJC_ROOT_CLASS = YES_ERROR;
				CLANG_WARN_SUSPICIOUS_MOVE = YES;
				CLANG_WARN_SUSPICIOUS_MOVES = YES;
				CLANG_WARN_UNREACHABLE_CODE = YES;
				CLANG_WARN__DUPLICATE_METHOD_MATCH = YES;
				"CODE_SIGN_IDENTITY[sdk=iphoneos*]" = "iPhone Developer";
				COPY_PHASE_STRIP = NO;
				DEBUG_INFORMATION_FORMAT = dwarf;
				ENABLE_STRICT_OBJC_MSGSEND = YES;
				ENABLE_TESTABILITY = YES;
				GCC_C_LANGUAGE_STANDARD = gnu99;
				GCC_DYNAMIC_NO_PIC = NO;
				GCC_NO_COMMON_BLOCKS = YES;
				GCC_OPTIMIZATION_LEVEL = 0;
				GCC_PREPROCESSOR_DEFINITIONS = (
					"DEBUG=1",
					"$(inherited)",
				);
				GCC_WARN_64_TO_32_BIT_CONVERSION = YES;
				GCC_WARN_ABOUT_RETURN_TYPE = YES_ERROR;
				GCC_WARN_UNDECLARED_SELECTOR = YES;
				GCC_WARN_UNINITIALIZED_AUTOS = YES_AGGRESSIVE;
				GCC_WARN_UNUSED_FUNCTION = YES;
				GCC_WARN_UNUSED_VARIABLE = YES;
				IPHONEOS_DEPLOYMENT_TARGET = 9.3;
				MTL_ENABLE_DEBUG_INFO = YES;
				ONLY_ACTIVE_ARCH = YES;
				SDKROOT = iphoneos10.2;
				SWIFT_ACTIVE_COMPILATION_CONDITIONS = DEBUG;
				SWIFT_OPTIMIZATION_LEVEL = "-Onone";
				TARGETED_DEVICE_FAMILY = "1,2";
			};
			name = Debug;
		};
		F0C648A71DAFE4CE00CFA5E3 /* Release */ = {
			isa = XCBuildConfiguration;
			buildSettings = {
				ALWAYS_SEARCH_USER_PATHS = NO;
				CLANG_ANALYZER_NONNULL = YES;
				CLANG_CXX_LANGUAGE_STANDARD = "gnu++0x";
				CLANG_CXX_LIBRARY = "libc++";
				CLANG_ENABLE_MODULES = YES;
				CLANG_ENABLE_OBJC_ARC = YES;
				CLANG_WARN_BOOL_CONVERSION = YES;
				CLANG_WARN_CONSTANT_CONVERSION = YES;
				CLANG_WARN_DIRECT_OBJC_ISA_USAGE = YES_ERROR;
				CLANG_WARN_DOCUMENTATION_COMMENTS = YES;
				CLANG_WARN_EMPTY_BODY = YES;
				CLANG_WARN_ENUM_CONVERSION = YES;
				CLANG_WARN_INFINITE_RECURSION = YES;
				CLANG_WARN_INT_CONVERSION = YES;
				CLANG_WARN_OBJC_ROOT_CLASS = YES_ERROR;
				CLANG_WARN_SUSPICIOUS_MOVE = YES;
				CLANG_WARN_SUSPICIOUS_MOVES = YES;
				CLANG_WARN_UNREACHABLE_CODE = YES;
				CLANG_WARN__DUPLICATE_METHOD_MATCH = YES;
				"CODE_SIGN_IDENTITY[sdk=iphoneos*]" = "iPhone Developer";
				COPY_PHASE_STRIP = NO;
				DEBUG_INFORMATION_FORMAT = "dwarf-with-dsym";
				ENABLE_NS_ASSERTIONS = NO;
				ENABLE_STRICT_OBJC_MSGSEND = YES;
				GCC_C_LANGUAGE_STANDARD = gnu99;
				GCC_NO_COMMON_BLOCKS = YES;
				GCC_WARN_64_TO_32_BIT_CONVERSION = YES;
				GCC_WARN_ABOUT_RETURN_TYPE = YES_ERROR;
				GCC_WARN_UNDECLARED_SELECTOR = YES;
				GCC_WARN_UNINITIALIZED_AUTOS = YES_AGGRESSIVE;
				GCC_WARN_UNUSED_FUNCTION = YES;
				GCC_WARN_UNUSED_VARIABLE = YES;
				IPHONEOS_DEPLOYMENT_TARGET = 9.3;
				MTL_ENABLE_DEBUG_INFO = NO;
				ONLY_ACTIVE_ARCH = YES;
				SDKROOT = iphoneos10.2;
				SWIFT_OPTIMIZATION_LEVEL = "-Owholemodule";
				TARGETED_DEVICE_FAMILY = "1,2";
				VALIDATE_PRODUCT = YES;
			};
			name = Release;
		};
		F0C648A91DAFE4CE00CFA5E3 /* Debug */ = {
			isa = XCBuildConfiguration;
			baseConfigurationReference = E56F9D9568D5331B0031D35A /* Pods-fishing.debug.xcconfig */;
			buildSettings = {
				ALWAYS_EMBED_SWIFT_STANDARD_LIBRARIES = YES;
				ASSETCATALOG_COMPILER_APPICON_NAME = AppIcon;
				CLANG_ENABLE_MODULES = YES;
				CLANG_ENABLE_OBJC_ARC = NO;
				DEVELOPMENT_TEAM = HKUW29KE3M;
				ENABLE_BITCODE = NO;
				FRAMEWORK_SEARCH_PATHS = (
					"$(inherited)",
					"$(PROJECT_DIR)/IOS_DaumMap_SDK/lib/DaumMap.embeddedframework",
				);
				INFOPLIST_FILE = fishing/Info.plist;
				IPHONEOS_DEPLOYMENT_TARGET = 9.3;
				LD_RUNPATH_SEARCH_PATHS = "$(inherited) @executable_path/Frameworks";
				PRODUCT_BUNDLE_IDENTIFIER = com.IMS.JY.fishing;
				PRODUCT_NAME = "$(TARGET_NAME)";
				SWIFT_OBJC_BRIDGING_HEADER = "fishing-Bridging-Header.h";
				SWIFT_OPTIMIZATION_LEVEL = "-Onone";
				SWIFT_VERSION = 3.0;
			};
			name = Debug;
		};
		F0C648AA1DAFE4CE00CFA5E3 /* Release */ = {
			isa = XCBuildConfiguration;
			baseConfigurationReference = 1AAC58C50BDBA3D7712AB26C /* Pods-fishing.release.xcconfig */;
			buildSettings = {
				ALWAYS_EMBED_SWIFT_STANDARD_LIBRARIES = YES;
				ASSETCATALOG_COMPILER_APPICON_NAME = AppIcon;
				CLANG_ENABLE_MODULES = YES;
				CLANG_ENABLE_OBJC_ARC = NO;
				DEVELOPMENT_TEAM = HKUW29KE3M;
				ENABLE_BITCODE = NO;
				FRAMEWORK_SEARCH_PATHS = (
					"$(inherited)",
					"$(PROJECT_DIR)/IOS_DaumMap_SDK/lib/DaumMap.embeddedframework",
				);
				INFOPLIST_FILE = fishing/Info.plist;
				IPHONEOS_DEPLOYMENT_TARGET = 9.3;
				LD_RUNPATH_SEARCH_PATHS = "$(inherited) @executable_path/Frameworks";
				PRODUCT_BUNDLE_IDENTIFIER = com.IMS.JY.fishing;
				PRODUCT_NAME = "$(TARGET_NAME)";
				SWIFT_OBJC_BRIDGING_HEADER = "fishing-Bridging-Header.h";
				SWIFT_VERSION = 3.0;
			};
			name = Release;
		};
/* End XCBuildConfiguration section */

/* Begin XCConfigurationList section */
		F0C648911DAFE4CD00CFA5E3 /* Build configuration list for PBXProject "fishing" */ = {
			isa = XCConfigurationList;
			buildConfigurations = (
				F0C648A61DAFE4CE00CFA5E3 /* Debug */,
				F0C648A71DAFE4CE00CFA5E3 /* Release */,
			);
			defaultConfigurationIsVisible = 0;
			defaultConfigurationName = Release;
		};
		F0C648A81DAFE4CE00CFA5E3 /* Build configuration list for PBXNativeTarget "fishing" */ = {
			isa = XCConfigurationList;
			buildConfigurations = (
				F0C648A91DAFE4CE00CFA5E3 /* Debug */,
				F0C648AA1DAFE4CE00CFA5E3 /* Release */,
			);
			defaultConfigurationIsVisible = 0;
			defaultConfigurationName = Release;
		};
/* End XCConfigurationList section */
	};
	rootObject = F0C6488E1DAFE4CD00CFA5E3 /* Project object */;
}
